
Microsoft Visual Studio Solution File, Format Version 12.00
# Visual Studio Version 17
VisualStudioVersion = 17.7.34031.279
MinimumVisualStudioVersion = 10.0.40219.1
Project("{9A19103F-16F7-4668-BE54-9A1E7A4F7556}") = "Client.Core.Logging", "Client.Core.Logging\Client.Core.Logging.csproj", "{017EE462-096B-49D1-B0DD-E5B3A7E5C6AC}"
EndProject
Project("{2150E333-8FDC-42A3-9474-1A3956D46DE8}") = "application", "application", "{83F53BC2-1383-4A85-96C4-8435E20E2229}"
EndProject
Project("{2150E333-8FDC-42A3-9474-1A3956D46DE8}") = "core", "core", "{C951E27F-A2EB-4EAA-8519-DB6FCE137C7B}"
EndProject
Project("{9A19103F-16F7-4668-BE54-9A1E7A4F7556}") = "Client.Core.Monitoring", "Client.Core.Monitoring\Client.Core.Monitoring.csproj", "{60A0BA8E-5996-4FA5-A25C-C0CDB571A495}"
EndProject
Project("{9A19103F-16F7-4668-BE54-9A1E7A4F7556}") = "Client.Core.Analyzing", "Client.Core.Analyzing\Client.Core.Analyzing.csproj", "{2D6049B8-7D44-48AC-A7E7-68FBCF16EA75}"
EndProject
Project("{FAE04EC0-301F-11D3-BF4B-00C04F79EFBC}") = "Client.UI", "Client.UI\Client.UI.csproj", "{3B4EB99A-0356-476A-A98F-6C241A6B156B}"
EndProject
Project("{FAE04EC0-301F-11D3-BF4B-00C04F79EFBC}") = "Client.Shell", "Client.Shell\Client.Shell.csproj", "{638349CF-2DDC-464B-8D9D-34C0E3F42DF3}"
EndProject
Global
	GlobalSection(SolutionConfigurationPlatforms) = preSolution
		Debug|Any CPU = Debug|Any CPU
		Debug|x64 = Debug|x64
		Debug|x86 = Debug|x86
		Release|Any CPU = Release|Any CPU
		Release|x64 = Release|x64
		Release|x86 = Release|x86
	EndGlobalSection
	GlobalSection(ProjectConfigurationPlatforms) = postSolution
		{017EE462-096B-49D1-B0DD-E5B3A7E5C6AC}.Debug|Any CPU.ActiveCfg = Debug|Any CPU
		{017EE462-096B-49D1-B0DD-E5B3A7E5C6AC}.Debug|Any CPU.Build.0 = Debug|Any CPU
		{017EE462-096B-49D1-B0DD-E5B3A7E5C6AC}.Debug|x64.ActiveCfg = Debug|Any CPU
		{017EE462-096B-49D1-B0DD-E5B3A7E5C6AC}.Debug|x64.Build.0 = Debug|Any CPU
		{017EE462-096B-49D1-B0DD-E5B3A7E5C6AC}.Debug|x86.ActiveCfg = Debug|Any CPU
		{017EE462-096B-49D1-B0DD-E5B3A7E5C6AC}.Debug|x86.Build.0 = Debug|Any CPU
		{017EE462-096B-49D1-B0DD-E5B3A7E5C6AC}.Release|Any CPU.ActiveCfg = Release|Any CPU
		{017EE462-096B-49D1-B0DD-E5B3A7E5C6AC}.Release|Any CPU.Build.0 = Release|Any CPU
		{017EE462-096B-49D1-B0DD-E5B3A7E5C6AC}.Release|x64.ActiveCfg = Release|Any CPU
		{017EE462-096B-49D1-B0DD-E5B3A7E5C6AC}.Release|x64.Build.0 = Release|Any CPU
		{017EE462-096B-49D1-B0DD-E5B3A7E5C6AC}.Release|x86.ActiveCfg = Release|Any CPU
		{017EE462-096B-49D1-B0DD-E5B3A7E5C6AC}.Release|x86.Build.0 = Release|Any CPU
		{60A0BA8E-5996-4FA5-A25C-C0CDB571A495}.Debug|Any CPU.ActiveCfg = Debug|Any CPU
		{60A0BA8E-5996-4FA5-A25C-C0CDB571A495}.Debug|Any CPU.Build.0 = Debug|Any CPU
		{60A0BA8E-5996-4FA5-A25C-C0CDB571A495}.Debug|x64.ActiveCfg = Debug|Any CPU
		{60A0BA8E-5996-4FA5-A25C-C0CDB571A495}.Debug|x64.Build.0 = Debug|Any CPU
		{60A0BA8E-5996-4FA5-A25C-C0CDB571A495}.Debug|x86.ActiveCfg = Debug|Any CPU
		{60A0BA8E-5996-4FA5-A25C-C0CDB571A495}.Debug|x86.Build.0 = Debug|Any CPU
		{60A0BA8E-5996-4FA5-A25C-C0CDB571A495}.Release|Any CPU.ActiveCfg = Release|Any CPU
		{60A0BA8E-5996-4FA5-A25C-C0CDB571A495}.Release|Any CPU.Build.0 = Release|Any CPU
		{60A0BA8E-5996-4FA5-A25C-C0CDB571A495}.Release|x64.ActiveCfg = Release|Any CPU
		{60A0BA8E-5996-4FA5-A25C-C0CDB571A495}.Release|x64.Build.0 = Release|Any CPU
		{60A0BA8E-5996-4FA5-A25C-C0CDB571A495}.Release|x86.ActiveCfg = Release|Any CPU
		{60A0BA8E-5996-4FA5-A25C-C0CDB571A495}.Release|x86.Build.0 = Release|Any CPU
		{2D6049B8-7D44-48AC-A7E7-68FBCF16EA75}.Debug|Any CPU.ActiveCfg = Debug|Any CPU
		{2D6049B8-7D44-48AC-A7E7-68FBCF16EA75}.Debug|Any CPU.Build.0 = Debug|Any CPU
		{2D6049B8-7D44-48AC-A7E7-68FBCF16EA75}.Debug|x64.ActiveCfg = Debug|Any CPU
		{2D6049B8-7D44-48AC-A7E7-68FBCF16EA75}.Debug|x64.Build.0 = Debug|Any CPU
		{2D6049B8-7D44-48AC-A7E7-68FBCF16EA75}.Debug|x86.ActiveCfg = Debug|Any CPU
		{2D6049B8-7D44-48AC-A7E7-68FBCF16EA75}.Debug|x86.Build.0 = Debug|Any CPU
		{2D6049B8-7D44-48AC-A7E7-68FBCF16EA75}.Release|Any CPU.ActiveCfg = Release|Any CPU
		{2D6049B8-7D44-48AC-A7E7-68FBCF16EA75}.Release|Any CPU.Build.0 = Release|Any CPU
		{2D6049B8-7D44-48AC-A7E7-68FBCF16EA75}.Release|x64.ActiveCfg = Release|Any CPU
		{2D6049B8-7D44-48AC-A7E7-68FBCF16EA75}.Release|x64.Build.0 = Release|Any CPU
		{2D6049B8-7D44-48AC-A7E7-68FBCF16EA75}.Release|x86.ActiveCfg = Release|Any CPU
		{2D6049B8-7D44-48AC-A7E7-68FBCF16EA75}.Release|x86.Build.0 = Release|Any CPU
		{3B4EB99A-0356-476A-A98F-6C241A6B156B}.Debug|Any CPU.ActiveCfg = Debug|Any CPU
		{3B4EB99A-0356-476A-A98F-6C241A6B156B}.Debug|Any CPU.Build.0 = Debug|Any CPU
		{3B4EB99A-0356-476A-A98F-6C241A6B156B}.Debug|x64.ActiveCfg = Debug|Any CPU
		{3B4EB99A-0356-476A-A98F-6C241A6B156B}.Debug|x64.Build.0 = Debug|Any CPU
		{3B4EB99A-0356-476A-A98F-6C241A6B156B}.Debug|x86.ActiveCfg = Debug|Any CPU
		{3B4EB99A-0356-476A-A98F-6C241A6B156B}.Debug|x86.Build.0 = Debug|Any CPU
		{3B4EB99A-0356-476A-A98F-6C241A6B156B}.Release|Any CPU.ActiveCfg = Release|Any CPU
		{3B4EB99A-0356-476A-A98F-6C241A6B156B}.Release|Any CPU.Build.0 = Release|Any CPU
		{3B4EB99A-0356-476A-A98F-6C241A6B156B}.Release|x64.ActiveCfg = Release|Any CPU
		{3B4EB99A-0356-476A-A98F-6C241A6B156B}.Release|x64.Build.0 = Release|Any CPU
		{3B4EB99A-0356-476A-A98F-6C241A6B156B}.Release|x86.ActiveCfg = Release|Any CPU
		{3B4EB99A-0356-476A-A98F-6C241A6B156B}.Release|x86.Build.0 = Release|Any CPU
		{638349CF-2DDC-464B-8D9D-34C0E3F42DF3}.Debug|Any CPU.ActiveCfg = Debug|Any CPU
		{638349CF-2DDC-464B-8D9D-34C0E3F42DF3}.Debug|Any CPU.Build.0 = Debug|Any CPU
		{638349CF-2DDC-464B-8D9D-34C0E3F42DF3}.Debug|x64.ActiveCfg = Debug|Any CPU
		{638349CF-2DDC-464B-8D9D-34C0E3F42DF3}.Debug|x64.Build.0 = Debug|Any CPU
		{638349CF-2DDC-464B-8D9D-34C0E3F42DF3}.Debug|x86.ActiveCfg = Debug|Any CPU
		{638349CF-2DDC-464B-8D9D-34C0E3F42DF3}.Debug|x86.Build.0 = Debug|Any CPU
		{638349CF-2DDC-464B-8D9D-34C0E3F42DF3}.Release|Any CPU.ActiveCfg = Release|Any CPU
		{638349CF-2DDC-464B-8D9D-34C0E3F42DF3}.Release|Any CPU.Build.0 = Release|Any CPU
		{638349CF-2DDC-464B-8D9D-34C0E3F42DF3}.Release|x64.ActiveCfg = Release|Any CPU
		{638349CF-2DDC-464B-8D9D-34C0E3F42DF3}.Release|x64.Build.0 = Release|Any CPU
		{638349CF-2DDC-464B-8D9D-34C0E3F42DF3}.Release|x86.ActiveCfg = Release|Any CPU
		{638349CF-2DDC-464B-8D9D-34C0E3F42DF3}.Release|x86.Build.0 = Release|Any CPU
	EndGlobalSection
	GlobalSection(SolutionProperties) = preSolution
		HideSolutionNode = FALSE
	EndGlobalSection
	GlobalSection(NestedProjects) = preSolution
		{017EE462-096B-49D1-B0DD-E5B3A7E5C6AC} = {C951E27F-A2EB-4EAA-8519-DB6FCE137C7B}
		{60A0BA8E-5996-4FA5-A25C-C0CDB571A495} = {C951E27F-A2EB-4EAA-8519-DB6FCE137C7B}
		{2D6049B8-7D44-48AC-A7E7-68FBCF16EA75} = {C951E27F-A2EB-4EAA-8519-DB6FCE137C7B}
		{3B4EB99A-0356-476A-A98F-6C241A6B156B} = {83F53BC2-1383-4A85-96C4-8435E20E2229}
		{638349CF-2DDC-464B-8D9D-34C0E3F42DF3} = {83F53BC2-1383-4A85-96C4-8435E20E2229}
	EndGlobalSection
	GlobalSection(ExtensibilityGlobals) = postSolution
		SolutionGuid = {15094978-08C4-4C0A-9A3C-6329ADE4F2B6}
	EndGlobalSection
EndGlobal
